
Microsoft Visual Studio Solution File, Format Version 12.00
# Visual Studio Version 17
VisualStudioVersion = 17.0.31903.59
MinimumVisualStudioVersion = 10.0.40219.1
Project("{2150E333-8FDC-42A3-9474-1A3956D46DE8}") = "src", "src", "{BE2AE788-AD04-4F3D-BA00-B0C2867F3D32}"
EndProject
Project("{2150E333-8FDC-42A3-9474-1A3956D46DE8}") = "test", "test", "{BE2AE788-AD04-4F3D-BA00-B0C2867F3D33}"
EndProject
Project("{2150E333-8FDC-42A3-9474-1A3956D46DE8}") = "demo", "demo", "{02EA681E-C7D8-13C7-8484-4AC65E1B71E8}"
EndProject
Project("{2150E333-8FDC-42A3-9474-1A3956D46DE8}") = "Solution Items", "Solution Items", "{AC80F682-3D55-C8F8-4895-A4A9EDD49434}"
	ProjectSection(SolutionItems) = preProject
		.editorconfig = .editorconfig
		global.json = global.json
		NuGet.Config = NuGet.Config
	EndProjectSection
EndProject
Project("{FAE04EC0-301F-11D3-BF4B-00C04F79EFBC}") = "PaddleWrapper.Tests", "test\PaddleWrapper.Tests\PaddleWrapper.Tests.csproj", "{BFD72A82-B727-2E38-2813-59C74F0304DF}"
EndProject
Project("{FAE04EC0-301F-11D3-BF4B-00C04F79EFBC}") = "PaddleWrapper", "src\PaddleWrapper\PaddleWrapper.csproj", "{388BCCA4-0111-1F31-74D0-8AF795DD7688}"
EndProject
Project("{FAE04EC0-301F-11D3-BF4B-00C04F79EFBC}") = "PaddleWrapper.Demo", "demo\PaddleWrapper.Demo\PaddleWrapper.Demo.csproj", "{ADEE4B88-98C3-5DB5-63ED-F9E3336D373E}"
EndProject
Global
	GlobalSection(SolutionConfigurationPlatforms) = preSolution
		Debug|Any CPU = Debug|Any CPU
		Release|Any CPU = Release|Any CPU
	EndGlobalSection
	GlobalSection(ProjectConfigurationPlatforms) = postSolution
		{BFD72A82-B727-2E38-2813-59C74F0304DF}.Debug|Any CPU.ActiveCfg = Debug|Any CPU
		{BFD72A82-B727-2E38-2813-59C74F0304DF}.Debug|Any CPU.Build.0 = Debug|Any CPU
		{BFD72A82-B727-2E38-2813-59C74F0304DF}.Release|Any CPU.ActiveCfg = Release|Any CPU
		{BFD72A82-B727-2E38-2813-59C74F0304DF}.Release|Any CPU.Build.0 = Release|Any CPU
		{388BCCA4-0111-1F31-74D0-8AF795DD7688}.Debug|Any CPU.ActiveCfg = Debug|Any CPU
		{388BCCA4-0111-1F31-74D0-8AF795DD7688}.Debug|Any CPU.Build.0 = Debug|Any CPU
		{388BCCA4-0111-1F31-74D0-8AF795DD7688}.Release|Any CPU.ActiveCfg = Release|Any CPU
		{388BCCA4-0111-1F31-74D0-8AF795DD7688}.Release|Any CPU.Build.0 = Release|Any CPU
		{ADEE4B88-98C3-5DB5-63ED-F9E3336D373E}.Debug|Any CPU.ActiveCfg = Debug|Any CPU
		{ADEE4B88-98C3-5DB5-63ED-F9E3336D373E}.Debug|Any CPU.Build.0 = Debug|Any CPU
		{ADEE4B88-98C3-5DB5-63ED-F9E3336D373E}.Release|Any CPU.ActiveCfg = Release|Any CPU
		{ADEE4B88-98C3-5DB5-63ED-F9E3336D373E}.Release|Any CPU.Build.0 = Release|Any CPU
	EndGlobalSection
	GlobalSection(SolutionProperties) = preSolution
		HideSolutionNode = FALSE
	EndGlobalSection
	GlobalSection(NestedProjects) = preSolution
		{BFD72A82-B727-2E38-2813-59C74F0304DF} = {BE2AE788-AD04-4F3D-BA00-B0C2867F3D33}
		{388BCCA4-0111-1F31-74D0-8AF795DD7688} = {BE2AE788-AD04-4F3D-BA00-B0C2867F3D32}
		{ADEE4B88-98C3-5DB5-63ED-F9E3336D373E} = {02EA681E-C7D8-13C7-8484-4AC65E1B71E8}
	EndGlobalSection
	GlobalSection(ExtensibilityGlobals) = postSolution
		SolutionGuid = {D9828A9B-6FF5-4EAF-91CD-A8B476910EBE}
	EndGlobalSection
EndGlobal
