
Microsoft Visual Studio Solution File, Format Version 12.00
# Visual Studio Version 17
VisualStudioVersion = 17.0.31903.59
MinimumVisualStudioVersion = 10.0.40219.1
Project("{FAE04EC0-301F-11D3-BF4B-00C04F79EFBC}") = "PaddleWrapper", "PaddleWrapper\PaddleWrapper.csproj", "{AF6F24AD-ED8C-4B19-BDDF-0CECC41DF68B}"
EndProject
Global
	GlobalSection(SolutionConfigurationPlatforms) = preSolution
		Debug|Any CPU = Debug|Any CPU
		Release|Any CPU = Release|Any CPU
	EndGlobalSection
	GlobalSection(SolutionProperties) = preSolution
		HideSolutionNode = FALSE
	EndGlobalSection
	GlobalSection(ProjectConfigurationPlatforms) = postSolution
		{AF6F24AD-ED8C-4B19-BDDF-0CECC41DF68B}.Debug|Any CPU.ActiveCfg = Debug|Any CPU
		{AF6F24AD-ED8C-4B19-BDDF-0CECC41DF68B}.Debug|Any CPU.Build.0 = Debug|Any CPU
		{AF6F24AD-ED8C-4B19-BDDF-0CECC41DF68B}.Release|Any CPU.ActiveCfg = Release|Any CPU
		{AF6F24AD-ED8C-4B19-BDDF-0CECC41DF68B}.Release|Any CPU.Build.0 = Release|Any CPU
	EndGlobalSection
EndGlobal
